// !$*UTF8*$!
{
	archiveVersion = 1;
	classes = {
	};
	objectVersion = 77;
	objects = {

/* Begin PBXBuildFile section */
		9E0FEFC62CCB91070092DB5A /* RealityKitContent in Frameworks */ = {isa = PBXBuildFile; productRef = 9E0FEFC52CCB91070092DB5A /* RealityKitContent */; };
		9EB547C02CCB98AB0065944A /* erp20231025.mp4 in Resources */ = {isa = PBXBuildFile; fileRef = 9EB547BF2CCB98AB0065944A /* erp20231025.mp4 */; };
/* End PBXBuildFile section */

/* Begin PBXContainerItemProxy section */
		9E0FEFD62CCB91090092DB5A /* PBXContainerItemProxy */ = {
			isa = PBXContainerItemProxy;
			containerPortal = 9E0FEFB82CCB91070092DB5A /* Project object */;
			proxyType = 1;
			remoteGlobalIDString = 9E0FEFBF2CCB91070092DB5A;
			remoteInfo = VisionProTest;
		};
/* End PBXContainerItemProxy section */

/* Begin PBXFileReference section */
		9E0FEFC02CCB91070092DB5A /* VisionProTest.app */ = {isa = PBXFileReference; explicitFileType = wrapper.application; includeInIndex = 0; path = VisionProTest.app; sourceTree = BUILT_PRODUCTS_DIR; };
		9E0FEFC42CCB91070092DB5A /* RealityKitContent */ = {isa = PBXFileReference; lastKnownFileType = wrapper; path = RealityKitContent; sourceTree = "<group>"; };
		9E0FEFD52CCB91090092DB5A /* VisionProTestTests.xctest */ = {isa = PBXFileReference; explicitFileType = wrapper.cfbundle; includeInIndex = 0; path = VisionProTestTests.xctest; sourceTree = BUILT_PRODUCTS_DIR; };
		9EB547BF2CCB98AB0065944A /* erp20231025.mp4 */ = {isa = PBXFileReference; lastKnownFileType = file; path = erp20231025.mp4; sourceTree = "<group>"; };
/* End PBXFileReference section */

/* Begin PBXFileSystemSynchronizedBuildFileExceptionSet section */
		9E0FEFDB2CCB91090092DB5A /* Exceptions for "VisionProTest" folder in "VisionProTest" target */ = {
			isa = PBXFileSystemSynchronizedBuildFileExceptionSet;
			membershipExceptions = (
				Info.plist,
			);
			target = 9E0FEFBF2CCB91070092DB5A /* VisionProTest */;
		};
/* End PBXFileSystemSynchronizedBuildFileExceptionSet section */

/* Begin PBXFileSystemSynchronizedRootGroup section */
		9E0FEFC22CCB91070092DB5A /* VisionProTest */ = {
			isa = PBXFileSystemSynchronizedRootGroup;
			exceptions = (
				9E0FEFDB2CCB91090092DB5A /* Exceptions for "VisionProTest" folder in "VisionProTest" target */,
			);
			path = VisionProTest;
			sourceTree = "<group>";
		};
		9E0FEFD82CCB91090092DB5A /* VisionProTestTests */ = {
			isa = PBXFileSystemSynchronizedRootGroup;
			path = VisionProTestTests;
			sourceTree = "<group>";
		};
/* End PBXFileSystemSynchronizedRootGroup section */

/* Begin PBXFrameworksBuildPhase section */
		9E0FEFBD2CCB91070092DB5A /* Frameworks */ = {
			isa = PBXFrameworksBuildPhase;
			buildActionMask = 2147483647;
			files = (
				9E0FEFC62CCB91070092DB5A /* RealityKitContent in Frameworks */,
			);
			runOnlyForDeploymentPostprocessing = 0;
		};
		9E0FEFD22CCB91090092DB5A /* Frameworks */ = {
			isa = PBXFrameworksBuildPhase;
			buildActionMask = 2147483647;
			files = (
			);
			runOnlyForDeploymentPostprocessing = 0;
		};
/* End PBXFrameworksBuildPhase section */

/* Begin PBXGroup section */
		9E0FEFB72CCB91070092DB5A = {
			isa = PBXGroup;
			children = (
				9EB547BF2CCB98AB0065944A /* erp20231025.mp4 */,
				9E0FEFC22CCB91070092DB5A /* VisionProTest */,
				9E0FEFC32CCB91070092DB5A /* Packages */,
				9E0FEFD82CCB91090092DB5A /* VisionProTestTests */,
				9E0FEFC12CCB91070092DB5A /* Products */,
			);
			sourceTree = "<group>";
		};
		9E0FEFC12CCB91070092DB5A /* Products */ = {
			isa = PBXGroup;
			children = (
				9E0FEFC02CCB91070092DB5A /* VisionProTest.app */,
				9E0FEFD52CCB91090092DB5A /* VisionProTestTests.xctest */,
			);
			name = Products;
			sourceTree = "<group>";
		};
		9E0FEFC32CCB91070092DB5A /* Packages */ = {
			isa = PBXGroup;
			children = (
				9E0FEFC42CCB91070092DB5A /* RealityKitContent */,
			);
			path = Packages;
			sourceTree = "<group>";
		};
/* End PBXGroup section */

/* Begin PBXNativeTarget section */
		9E0FEFBF2CCB91070092DB5A /* VisionProTest */ = {
			isa = PBXNativeTarget;
			buildConfigurationList = 9E0FEFDC2CCB91090092DB5A /* Build configuration list for PBXNativeTarget "VisionProTest" */;
			buildPhases = (
				9E0FEFBC2CCB91070092DB5A /* Sources */,
				9E0FEFBD2CCB91070092DB5A /* Frameworks */,
				9E0FEFBE2CCB91070092DB5A /* Resources */,
			);
			buildRules = (
			);
			dependencies = (
			);
			fileSystemSynchronizedGroups = (
				9E0FEFC22CCB91070092DB5A /* VisionProTest */,
			);
			name = VisionProTest;
			packageProductDependencies = (
				9E0FEFC52CCB91070092DB5A /* RealityKitContent */,
			);
			productName = VisionProTest;
			productReference = 9E0FEFC02CCB91070092DB5A /* VisionProTest.app */;
			productType = "com.apple.product-type.application";
		};
		9E0FEFD42CCB91090092DB5A /* VisionProTestTests */ = {
			isa = PBXNativeTarget;
			buildConfigurationList = 9E0FEFE12CCB91090092DB5A /* Build configuration list for PBXNativeTarget "VisionProTestTests" */;
			buildPhases = (
				9E0FEFD12CCB91090092DB5A /* Sources */,
				9E0FEFD22CCB91090092DB5A /* Frameworks */,
				9E0FEFD32CCB91090092DB5A /* Resources */,
			);
			buildRules = (
			);
			dependencies = (
				9E0FEFD72CCB91090092DB5A /* PBXTargetDependency */,
			);
			fileSystemSynchronizedGroups = (
				9E0FEFD82CCB91090092DB5A /* VisionProTestTests */,
			);
			name = VisionProTestTests;
			packageProductDependencies = (
			);
			productName = VisionProTestTests;
			productReference = 9E0FEFD52CCB91090092DB5A /* VisionProTestTests.xctest */;
			productType = "com.apple.product-type.bundle.unit-test";
		};
/* End PBXNativeTarget section */

/* Begin PBXProject section */
		9E0FEFB82CCB91070092DB5A /* Project object */ = {
			isa = PBXProject;
			attributes = {
				BuildIndependentTargetsInParallel = 1;
				LastSwiftUpdateCheck = 1600;
				LastUpgradeCheck = 1600;
				TargetAttributes = {
					9E0FEFBF2CCB91070092DB5A = {
						CreatedOnToolsVersion = 16.0;
					};
					9E0FEFD42CCB91090092DB5A = {
						CreatedOnToolsVersion = 16.0;
						TestTargetID = 9E0FEFBF2CCB91070092DB5A;
					};
				};
			};
			buildConfigurationList = 9E0FEFBB2CCB91070092DB5A /* Build configuration list for PBXProject "VisionProTest" */;
			developmentRegion = en;
			hasScannedForEncodings = 0;
			knownRegions = (
				en,
				Base,
			);
			mainGroup = 9E0FEFB72CCB91070092DB5A;
			minimizedProjectReferenceProxies = 1;
			preferredProjectObjectVersion = 77;
			productRefGroup = 9E0FEFC12CCB91070092DB5A /* Products */;
			projectDirPath = "";
			projectRoot = "";
			targets = (
				9E0FEFBF2CCB91070092DB5A /* VisionProTest */,
				9E0FEFD42CCB91090092DB5A /* VisionProTestTests */,
			);
		};
/* End PBXProject section */

/* Begin PBXResourcesBuildPhase section */
		9E0FEFBE2CCB91070092DB5A /* Resources */ = {
			isa = PBXResourcesBuildPhase;
			buildActionMask = 2147483647;
			files = (
				9EB547C02CCB98AB0065944A /* erp20231025.mp4 in Resources */,
			);
			runOnlyForDeploymentPostprocessing = 0;
		};
		9E0FEFD32CCB91090092DB5A /* Resources */ = {
			isa = PBXResourcesBuildPhase;
			buildActionMask = 2147483647;
			files = (
			);
			runOnlyForDeploymentPostprocessing = 0;
		};
/* End PBXResourcesBuildPhase section */

/* Begin PBXSourcesBuildPhase section */
		9E0FEFBC2CCB91070092DB5A /* Sources */ = {
			isa = PBXSourcesBuildPhase;
			buildActionMask = 2147483647;
			files = (
			);
			runOnlyForDeploymentPostprocessing = 0;
		};
		9E0FEFD12CCB91090092DB5A /* Sources */ = {
			isa = PBXSourcesBuildPhase;
			buildActionMask = 2147483647;
			files = (
			);
			runOnlyForDeploymentPostprocessing = 0;
		};
/* End PBXSourcesBuildPhase section */

/* Begin PBXTargetDependency section */
		9E0FEFD72CCB91090092DB5A /* PBXTargetDependency */ = {
			isa = PBXTargetDependency;
			target = 9E0FEFBF2CCB91070092DB5A /* VisionProTest */;
			targetProxy = 9E0FEFD62CCB91090092DB5A /* PBXContainerItemProxy */;
		};
/* End PBXTargetDependency section */

/* Begin XCBuildConfiguration section */
		9E0FEFDD2CCB91090092DB5A /* Debug */ = {
			isa = XCBuildConfiguration;
			buildSettings = {
				ASSETCATALOG_COMPILER_APPICON_NAME = AppIcon;
				ASSETCATALOG_COMPILER_GLOBAL_ACCENT_COLOR_NAME = AccentColor;
				CODE_SIGN_STYLE = Automatic;
				CURRENT_PROJECT_VERSION = 1;
				DEVELOPMENT_ASSET_PATHS = "\"VisionProTest/Preview Content\"";
				DEVELOPMENT_TEAM = 9AX3W44P9S;
				ENABLE_PREVIEWS = YES;
				GENERATE_INFOPLIST_FILE = YES;
				INFOPLIST_FILE = "$(TARGET_NAME)/Info.plist";
				INFOPLIST_KEY_NSCameraUsageDescription = "Capture for chats";
				LD_RUNPATH_SEARCH_PATHS = (
					"$(inherited)",
					"@executable_path/Frameworks",
				);
				MARKETING_VERSION = 1.0;
				PRODUCT_BUNDLE_IDENTIFIER = inraysee.VisionProTest;
				PRODUCT_NAME = "$(TARGET_NAME)";
				SUPPORTED_PLATFORMS = "xros xrsimulator";
				SWIFT_EMIT_LOC_STRINGS = YES;
				SWIFT_VERSION = 5.0;
				TARGETED_DEVICE_FAMILY = 7;
			};
			name = Debug;
		};
		9E0FEFDE2CCB91090092DB5A /* Release */ = {
			isa = XCBuildConfiguration;
			buildSettings = {
				ASSETCATALOG_COMPILER_APPICON_NAME = AppIcon;
				ASSETCATALOG_COMPILER_GLOBAL_ACCENT_COLOR_NAME = AccentColor;
				CODE_SIGN_STYLE = Automatic;
				CURRENT_PROJECT_VERSION = 1;
				DEVELOPMENT_ASSET_PATHS = "\"VisionProTest/Preview Content\"";
				DEVELOPMENT_TEAM = 9AX3W44P9S;
				ENABLE_PREVIEWS = YES;
				GENERATE_INFOPLIST_FILE = YES;
				INFOPLIST_FILE = "$(TARGET_NAME)/Info.plist";
				INFOPLIST_KEY_NSCameraUsageDescription = "Capture for chats";
				LD_RUNPATH_SEARCH_PATHS = (
					"$(inherited)",
					"@executable_path/Frameworks",
				);
				MARKETING_VERSION = 1.0;
				PRODUCT_BUNDLE_IDENTIFIER = inraysee.VisionProTest;
				PRODUCT_NAME = "$(TARGET_NAME)";
				SUPPORTED_PLATFORMS = "xros xrsimulator";
				SWIFT_EMIT_LOC_STRINGS = YES;
				SWIFT_VERSION = 5.0;
				TARGETED_DEVICE_FAMILY = 7;
			};
			name = Release;
		};
		9E0FEFDF2CCB91090092DB5A /* Debug */ = {
			isa = XCBuildConfiguration;
			buildSettings = {
				ALWAYS_SEARCH_USER_PATHS = NO;
				ASSETCATALOG_COMPILER_GENERATE_SWIFT_ASSET_SYMBOL_EXTENSIONS = YES;
				CLANG_ANALYZER_NONNULL = YES;
				CLANG_ANALYZER_NUMBER_OBJECT_CONVERSION = YES_AGGRESSIVE;
				CLANG_CXX_LANGUAGE_STANDARD = "gnu++20";
				CLANG_ENABLE_MODULES = YES;
				CLANG_ENABLE_OBJC_ARC = YES;
				CLANG_ENABLE_OBJC_WEAK = YES;
				CLANG_WARN_BLOCK_CAPTURE_AUTORELEASING = YES;
				CLANG_WARN_BOOL_CONVERSION = YES;
				CLANG_WARN_COMMA = YES;
				CLANG_WARN_CONSTANT_CONVERSION = YES;
				CLANG_WARN_DEPRECATED_OBJC_IMPLEMENTATIONS = YES;
				CLANG_WARN_DIRECT_OBJC_ISA_USAGE = YES_ERROR;
				CLANG_WARN_DOCUMENTATION_COMMENTS = YES;
				CLANG_WARN_EMPTY_BODY = YES;
				CLANG_WARN_ENUM_CONVERSION = YES;
				CLANG_WARN_INFINITE_RECURSION = YES;
				CLANG_WARN_INT_CONVERSION = YES;
				CLANG_WARN_NON_LITERAL_NULL_CONVERSION = YES;
				CLANG_WARN_OBJC_IMPLICIT_RETAIN_SELF = YES;
				CLANG_WARN_OBJC_LITERAL_CONVERSION = YES;
				CLANG_WARN_OBJC_ROOT_CLASS = YES_ERROR;
				CLANG_WARN_QUOTED_INCLUDE_IN_FRAMEWORK_HEADER = YES;
				CLANG_WARN_RANGE_LOOP_ANALYSIS = YES;
				CLANG_WARN_STRICT_PROTOTYPES = YES;
				CLANG_WARN_SUSPICIOUS_MOVE = YES;
				CLANG_WARN_UNGUARDED_AVAILABILITY = YES_AGGRESSIVE;
				CLANG_WARN_UNREACHABLE_CODE = YES;
				CLANG_WARN__DUPLICATE_METHOD_MATCH = YES;
				COPY_PHASE_STRIP = NO;
				DEBUG_INFORMATION_FORMAT = dwarf;
				ENABLE_STRICT_OBJC_MSGSEND = YES;
				ENABLE_TESTABILITY = YES;
				ENABLE_USER_SCRIPT_SANDBOXING = YES;
				GCC_C_LANGUAGE_STANDARD = gnu17;
				GCC_DYNAMIC_NO_PIC = NO;
				GCC_NO_COMMON_BLOCKS = YES;
				GCC_OPTIMIZATION_LEVEL = 0;
				GCC_PREPROCESSOR_DEFINITIONS = (
					"DEBUG=1",
					"$(inherited)",
				);
				GCC_WARN_64_TO_32_BIT_CONVERSION = YES;
				GCC_WARN_ABOUT_RETURN_TYPE = YES_ERROR;
				GCC_WARN_UNDECLARED_SELECTOR = YES;
				GCC_WARN_UNINITIALIZED_AUTOS = YES_AGGRESSIVE;
				GCC_WARN_UNUSED_FUNCTION = YES;
				GCC_WARN_UNUSED_VARIABLE = YES;
				LOCALIZATION_PREFERS_STRING_CATALOGS = YES;
				MTL_ENABLE_DEBUG_INFO = INCLUDE_SOURCE;
				MTL_FAST_MATH = YES;
				ONLY_ACTIVE_ARCH = YES;
				SDKROOT = xros;
				SWIFT_ACTIVE_COMPILATION_CONDITIONS = "DEBUG $(inherited)";
				SWIFT_OPTIMIZATION_LEVEL = "-Onone";
				XROS_DEPLOYMENT_TARGET = 2.0;
			};
			name = Debug;
		};
		9E0FEFE02CCB91090092DB5A /* Release */ = {
			isa = XCBuildConfiguration;
			buildSettings = {
				ALWAYS_SEARCH_USER_PATHS = NO;
				ASSETCATALOG_COMPILER_GENERATE_SWIFT_ASSET_SYMBOL_EXTENSIONS = YES;
				CLANG_ANALYZER_NONNULL = YES;
				CLANG_ANALYZER_NUMBER_OBJECT_CONVERSION = YES_AGGRESSIVE;
				CLANG_CXX_LANGUAGE_STANDARD = "gnu++20";
				CLANG_ENABLE_MODULES = YES;
				CLANG_ENABLE_OBJC_ARC = YES;
				CLANG_ENABLE_OBJC_WEAK = YES;
				CLANG_WARN_BLOCK_CAPTURE_AUTORELEASING = YES;
				CLANG_WARN_BOOL_CONVERSION = YES;
				CLANG_WARN_COMMA = YES;
				CLANG_WARN_CONSTANT_CONVERSION = YES;
				CLANG_WARN_DEPRECATED_OBJC_IMPLEMENTATIONS = YES;
				CLANG_WARN_DIRECT_OBJC_ISA_USAGE = YES_ERROR;
				CLANG_WARN_DOCUMENTATION_COMMENTS = YES;
				CLANG_WARN_EMPTY_BODY = YES;
				CLANG_WARN_ENUM_CONVERSION = YES;
				CLANG_WARN_INFINITE_RECURSION = YES;
				CLANG_WARN_INT_CONVERSION = YES;
				CLANG_WARN_NON_LITERAL_NULL_CONVERSION = YES;
				CLANG_WARN_OBJC_IMPLICIT_RETAIN_SELF = YES;
				CLANG_WARN_OBJC_LITERAL_CONVERSION = YES;
				CLANG_WARN_OBJC_ROOT_CLASS = YES_ERROR;
				CLANG_WARN_QUOTED_INCLUDE_IN_FRAMEWORK_HEADER = YES;
				CLANG_WARN_RANGE_LOOP_ANALYSIS = YES;
				CLANG_WARN_STRICT_PROTOTYPES = YES;
				CLANG_WARN_SUSPICIOUS_MOVE = YES;
				CLANG_WARN_UNGUARDED_AVAILABILITY = YES_AGGRESSIVE;
				CLANG_WARN_UNREACHABLE_CODE = YES;
				CLANG_WARN__DUPLICATE_METHOD_MATCH = YES;
				COPY_PHASE_STRIP = NO;
				DEBUG_INFORMATION_FORMAT = "dwarf-with-dsym";
				ENABLE_NS_ASSERTIONS = NO;
				ENABLE_STRICT_OBJC_MSGSEND = YES;
				ENABLE_USER_SCRIPT_SANDBOXING = YES;
				GCC_C_LANGUAGE_STANDARD = gnu17;
				GCC_NO_COMMON_BLOCKS = YES;
				GCC_WARN_64_TO_32_BIT_CONVERSION = YES;
				GCC_WARN_ABOUT_RETURN_TYPE = YES_ERROR;
				GCC_WARN_UNDECLARED_SELECTOR = YES;
				GCC_WARN_UNINITIALIZED_AUTOS = YES_AGGRESSIVE;
				GCC_WARN_UNUSED_FUNCTION = YES;
				GCC_WARN_UNUSED_VARIABLE = YES;
				LOCALIZATION_PREFERS_STRING_CATALOGS = YES;
				MTL_ENABLE_DEBUG_INFO = NO;
				MTL_FAST_MATH = YES;
				SDKROOT = xros;
				SWIFT_COMPILATION_MODE = wholemodule;
				VALIDATE_PRODUCT = YES;
				XROS_DEPLOYMENT_TARGET = 2.0;
			};
			name = Release;
		};
		9E0FEFE22CCB91090092DB5A /* Debug */ = {
			isa = XCBuildConfiguration;
			buildSettings = {
				BUNDLE_LOADER = "$(TEST_HOST)";
				CODE_SIGN_STYLE = Automatic;
				CURRENT_PROJECT_VERSION = 1;
				DEVELOPMENT_TEAM = 9AX3W44P9S;
				GENERATE_INFOPLIST_FILE = YES;
				MARKETING_VERSION = 1.0;
				PRODUCT_BUNDLE_IDENTIFIER = inraysee.VisionProTestTests;
				PRODUCT_NAME = "$(TARGET_NAME)";
				SUPPORTED_PLATFORMS = "xros xrsimulator";
				SWIFT_EMIT_LOC_STRINGS = NO;
				SWIFT_VERSION = 5.0;
				TARGETED_DEVICE_FAMILY = 7;
				TEST_HOST = "$(BUILT_PRODUCTS_DIR)/VisionProTest.app/$(BUNDLE_EXECUTABLE_FOLDER_PATH)/VisionProTest";
				XROS_DEPLOYMENT_TARGET = 2.0;
			};
			name = Debug;
		};
		9E0FEFE32CCB91090092DB5A /* Release */ = {
			isa = XCBuildConfiguration;
			buildSettings = {
				BUNDLE_LOADER = "$(TEST_HOST)";
				CODE_SIGN_STYLE = Automatic;
				CURRENT_PROJECT_VERSION = 1;
				DEVELOPMENT_TEAM = 9AX3W44P9S;
				GENERATE_INFOPLIST_FILE = YES;
				MARKETING_VERSION = 1.0;
				PRODUCT_BUNDLE_IDENTIFIER = inraysee.VisionProTestTests;
				PRODUCT_NAME = "$(TARGET_NAME)";
				SUPPORTED_PLATFORMS = "xros xrsimulator";
				SWIFT_EMIT_LOC_STRINGS = NO;
				SWIFT_VERSION = 5.0;
				TARGETED_DEVICE_FAMILY = 7;
				TEST_HOST = "$(BUILT_PRODUCTS_DIR)/VisionProTest.app/$(BUNDLE_EXECUTABLE_FOLDER_PATH)/VisionProTest";
				XROS_DEPLOYMENT_TARGET = 2.0;
			};
			name = Release;
		};
/* End XCBuildConfiguration section */

/* Begin XCConfigurationList section */
		9E0FEFBB2CCB91070092DB5A /* Build configuration list for PBXProject "VisionProTest" */ = {
			isa = XCConfigurationList;
			buildConfigurations = (
				9E0FEFDF2CCB91090092DB5A /* Debug */,
				9E0FEFE02CCB91090092DB5A /* Release */,
			);
			defaultConfigurationIsVisible = 0;
			defaultConfigurationName = Release;
		};
		9E0FEFDC2CCB91090092DB5A /* Build configuration list for PBXNativeTarget "VisionProTest" */ = {
			isa = XCConfigurationList;
			buildConfigurations = (
				9E0FEFDD2CCB91090092DB5A /* Debug */,
				9E0FEFDE2CCB91090092DB5A /* Release */,
			);
			defaultConfigurationIsVisible = 0;
			defaultConfigurationName = Release;
		};
		9E0FEFE12CCB91090092DB5A /* Build configuration list for PBXNativeTarget "VisionProTestTests" */ = {
			isa = XCConfigurationList;
			buildConfigurations = (
				9E0FEFE22CCB91090092DB5A /* Debug */,
				9E0FEFE32CCB91090092DB5A /* Release */,
			);
			defaultConfigurationIsVisible = 0;
			defaultConfigurationName = Release;
		};
/* End XCConfigurationList section */

/* Begin XCSwiftPackageProductDependency section */
		9E0FEFC52CCB91070092DB5A /* RealityKitContent */ = {
			isa = XCSwiftPackageProductDependency;
			productName = RealityKitContent;
		};
/* End XCSwiftPackageProductDependency section */
	};
	rootObject = 9E0FEFB82CCB91070092DB5A /* Project object */;
}
